// !$*UTF8*$!
{
	archiveVersion = 1;
	classes = {
	};
	objectVersion = 46;
	objects = {

/* Begin PBXBuildFile section */
		1227B73519CA5AA200896C43 /* Foundation.framework in Frameworks */ = {isa = PBXBuildFile; fileRef = 1227B73419CA5AA200896C43 /* Foundation.framework */; };
		1227B73719CA5AA200896C43 /* CoreGraphics.framework in Frameworks */ = {isa = PBXBuildFile; fileRef = 1227B73619CA5AA200896C43 /* CoreGraphics.framework */; };
		1227B73919CA5AA200896C43 /* UIKit.framework in Frameworks */ = {isa = PBXBuildFile; fileRef = 1227B73819CA5AA200896C43 /* UIKit.framework */; };
		1227B73F19CA5AA200896C43 /* InfoPlist.strings in Resources */ = {isa = PBXBuildFile; fileRef = 1227B73D19CA5AA200896C43 /* InfoPlist.strings */; };
		1227B74119CA5AA200896C43 /* main.m in Sources */ = {isa = PBXBuildFile; fileRef = 1227B74019CA5AA200896C43 /* main.m */; };
		1227B74519CA5AA200896C43 /* AppDelegate.m in Sources */ = {isa = PBXBuildFile; fileRef = 1227B74419CA5AA200896C43 /* AppDelegate.m */; };
		1227B74819CA5AA200896C43 /* Main_iPhone.storyboard in Resources */ = {isa = PBXBuildFile; fileRef = 1227B74619CA5AA200896C43 /* Main_iPhone.storyboard */; };
		1227B74B19CA5AA200896C43 /* Main_iPad.storyboard in Resources */ = {isa = PBXBuildFile; fileRef = 1227B74919CA5AA200896C43 /* Main_iPad.storyboard */; };
		1227B74E19CA5AA200896C43 /* ViewController.m in Sources */ = {isa = PBXBuildFile; fileRef = 1227B74D19CA5AA200896C43 /* ViewController.m */; };
		1227B75019CA5AA200896C43 /* Images.xcassets in Resources */ = {isa = PBXBuildFile; fileRef = 1227B74F19CA5AA200896C43 /* Images.xcassets */; };
		1227B75719CA5AA200896C43 /* XCTest.framework in Frameworks */ = {isa = PBXBuildFile; fileRef = 1227B75619CA5AA200896C43 /* XCTest.framework */; };
		1227B75819CA5AA200896C43 /* Foundation.framework in Frameworks */ = {isa = PBXBuildFile; fileRef = 1227B73419CA5AA200896C43 /* Foundation.framework */; };
		1227B75919CA5AA200896C43 /* UIKit.framework in Frameworks */ = {isa = PBXBuildFile; fileRef = 1227B73819CA5AA200896C43 /* UIKit.framework */; };
		1227B76119CA5AA200896C43 /* InfoPlist.strings in Resources */ = {isa = PBXBuildFile; fileRef = 1227B75F19CA5AA200896C43 /* InfoPlist.strings */; };
		1227B76319CA5AA200896C43 /* ToDoListTests.m in Sources */ = {isa = PBXBuildFile; fileRef = 1227B76219CA5AA200896C43 /* ToDoListTests.m */; };
		1227B76E19CA5C1500896C43 /* MTodo.m in Sources */ = {isa = PBXBuildFile; fileRef = 1227B76D19CA5C1500896C43 /* MTodo.m */; };
		1227B77119CA5D7100896C43 /* SaveDataViewController.m in Sources */ = {isa = PBXBuildFile; fileRef = 1227B77019CA5D7100896C43 /* SaveDataViewController.m */; };
/* End PBXBuildFile section */

/* Begin PBXContainerItemProxy section */
		1227B75A19CA5AA200896C43 /* PBXContainerItemProxy */ = {
			isa = PBXContainerItemProxy;
			containerPortal = 1227B72919CA5AA200896C43 /* Project object */;
			proxyType = 1;
			remoteGlobalIDString = 1227B73019CA5AA200896C43;
			remoteInfo = ToDoList;
		};
/* End PBXContainerItemProxy section */

/* Begin PBXFileReference section */
		1227B73119CA5AA200896C43 /* ToDoList.app */ = {isa = PBXFileReference; explicitFileType = wrapper.application; includeInIndex = 0; path = ToDoList.app; sourceTree = BUILT_PRODUCTS_DIR; };
		1227B73419CA5AA200896C43 /* Foundation.framework */ = {isa = PBXFileReference; lastKnownFileType = wrapper.framework; name = Foundation.framework; path = System/Library/Frameworks/Foundation.framework; sourceTree = SDKROOT; };
		1227B73619CA5AA200896C43 /* CoreGraphics.framework */ = {isa = PBXFileReference; lastKnownFileType = wrapper.framework; name = CoreGraphics.framework; path = System/Library/Frameworks/CoreGraphics.framework; sourceTree = SDKROOT; };
		1227B73819CA5AA200896C43 /* UIKit.framework */ = {isa = PBXFileReference; lastKnownFileType = wrapper.framework; name = UIKit.framework; path = System/Library/Frameworks/UIKit.framework; sourceTree = SDKROOT; };
		1227B73C19CA5AA200896C43 /* ToDoList-Info.plist */ = {isa = PBXFileReference; lastKnownFileType = text.plist.xml; path = "ToDoList-Info.plist"; sourceTree = "<group>"; };
		1227B73E19CA5AA200896C43 /* en */ = {isa = PBXFileReference; lastKnownFileType = text.plist.strings; name = en; path = en.lproj/InfoPlist.strings; sourceTree = "<group>"; };
		1227B74019CA5AA200896C43 /* main.m */ = {isa = PBXFileReference; lastKnownFileType = sourcecode.c.objc; path = main.m; sourceTree = "<group>"; };
		1227B74219CA5AA200896C43 /* ToDoList-Prefix.pch */ = {isa = PBXFileReference; lastKnownFileType = sourcecode.c.h; path = "ToDoList-Prefix.pch"; sourceTree = "<group>"; };
		1227B74319CA5AA200896C43 /* AppDelegate.h */ = {isa = PBXFileReference; lastKnownFileType = sourcecode.c.h; path = AppDelegate.h; sourceTree = "<group>"; };
		1227B74419CA5AA200896C43 /* AppDelegate.m */ = {isa = PBXFileReference; lastKnownFileType = sourcecode.c.objc; path = AppDelegate.m; sourceTree = "<group>"; };
		1227B74719CA5AA200896C43 /* Base */ = {isa = PBXFileReference; lastKnownFileType = file.storyboard; name = Base; path = Base.lproj/Main_iPhone.storyboard; sourceTree = "<group>"; };
		1227B74A19CA5AA200896C43 /* Base */ = {isa = PBXFileReference; lastKnownFileType = file.storyboard; name = Base; path = Base.lproj/Main_iPad.storyboard; sourceTree = "<group>"; };
		1227B74C19CA5AA200896C43 /* ViewController.h */ = {isa = PBXFileReference; lastKnownFileType = sourcecode.c.h; path = ViewController.h; sourceTree = "<group>"; };
		1227B74D19CA5AA200896C43 /* ViewController.m */ = {isa = PBXFileReference; lastKnownFileType = sourcecode.c.objc; path = ViewController.m; sourceTree = "<group>"; };
		1227B74F19CA5AA200896C43 /* Images.xcassets */ = {isa = PBXFileReference; lastKnownFileType = folder.assetcatalog; path = Images.xcassets; sourceTree = "<group>"; };
		1227B75519CA5AA200896C43 /* ToDoListTests.xctest */ = {isa = PBXFileReference; explicitFileType = wrapper.cfbundle; includeInIndex = 0; path = ToDoListTests.xctest; sourceTree = BUILT_PRODUCTS_DIR; };
		1227B75619CA5AA200896C43 /* XCTest.framework */ = {isa = PBXFileReference; lastKnownFileType = wrapper.framework; name = XCTest.framework; path = Library/Frameworks/XCTest.framework; sourceTree = DEVELOPER_DIR; };
		1227B75E19CA5AA200896C43 /* ToDoListTests-Info.plist */ = {isa = PBXFileReference; lastKnownFileType = text.plist.xml; path = "ToDoListTests-Info.plist"; sourceTree = "<group>"; };
		1227B76019CA5AA200896C43 /* en */ = {isa = PBXFileReference; lastKnownFileType = text.plist.strings; name = en; path = en.lproj/InfoPlist.strings; sourceTree = "<group>"; };
		1227B76219CA5AA200896C43 /* ToDoListTests.m */ = {isa = PBXFileReference; lastKnownFileType = sourcecode.c.objc; path = ToDoListTests.m; sourceTree = "<group>"; };
		1227B76C19CA5C1500896C43 /* MTodo.h */ = {isa = PBXFileReference; fileEncoding = 4; lastKnownFileType = sourcecode.c.h; path = MTodo.h; sourceTree = "<group>"; };
		1227B76D19CA5C1500896C43 /* MTodo.m */ = {isa = PBXFileReference; fileEncoding = 4; lastKnownFileType = sourcecode.c.objc; path = MTodo.m; sourceTree = "<group>"; };
		1227B76F19CA5D7100896C43 /* SaveDataViewController.h */ = {isa = PBXFileReference; fileEncoding = 4; lastKnownFileType = sourcecode.c.h; path = SaveDataViewController.h; sourceTree = "<group>"; };
		1227B77019CA5D7100896C43 /* SaveDataViewController.m */ = {isa = PBXFileReference; fileEncoding = 4; lastKnownFileType = sourcecode.c.objc; path = SaveDataViewController.m; sourceTree = "<group>"; };
/* End PBXFileReference section */

/* Begin PBXFrameworksBuildPhase section */
		1227B72E19CA5AA200896C43 /* Frameworks */ = {
			isa = PBXFrameworksBuildPhase;
			buildActionMask = 2147483647;
			files = (
				1227B73719CA5AA200896C43 /* CoreGraphics.framework in Frameworks */,
				1227B73919CA5AA200896C43 /* UIKit.framework in Frameworks */,
				1227B73519CA5AA200896C43 /* Foundation.framework in Frameworks */,
			);
			runOnlyForDeploymentPostprocessing = 0;
		};
		1227B75219CA5AA200896C43 /* Frameworks */ = {
			isa = PBXFrameworksBuildPhase;
			buildActionMask = 2147483647;
			files = (
				1227B75719CA5AA200896C43 /* XCTest.framework in Frameworks */,
				1227B75919CA5AA200896C43 /* UIKit.framework in Frameworks */,
				1227B75819CA5AA200896C43 /* Foundation.framework in Frameworks */,
			);
			runOnlyForDeploymentPostprocessing = 0;
		};
/* End PBXFrameworksBuildPhase section */

/* Begin PBXGroup section */
		1227B72819CA5AA200896C43 = {
			isa = PBXGroup;
			children = (
				1227B73A19CA5AA200896C43 /* ToDoList */,
				1227B75C19CA5AA200896C43 /* ToDoListTests */,
				1227B73319CA5AA200896C43 /* Frameworks */,
				1227B73219CA5AA200896C43 /* Products */,
			);
			sourceTree = "<group>";
		};
		1227B73219CA5AA200896C43 /* Products */ = {
			isa = PBXGroup;
			children = (
				1227B73119CA5AA200896C43 /* ToDoList.app */,
				1227B75519CA5AA200896C43 /* ToDoListTests.xctest */,
			);
			name = Products;
			sourceTree = "<group>";
		};
		1227B73319CA5AA200896C43 /* Frameworks */ = {
			isa = PBXGroup;
			children = (
				1227B73419CA5AA200896C43 /* Foundation.framework */,
				1227B73619CA5AA200896C43 /* CoreGraphics.framework */,
				1227B73819CA5AA200896C43 /* UIKit.framework */,
				1227B75619CA5AA200896C43 /* XCTest.framework */,
			);
			name = Frameworks;
			sourceTree = "<group>";
		};
		1227B73A19CA5AA200896C43 /* ToDoList */ = {
			isa = PBXGroup;
			children = (
				1227B74319CA5AA200896C43 /* AppDelegate.h */,
				1227B74419CA5AA200896C43 /* AppDelegate.m */,
				1227B74619CA5AA200896C43 /* Main_iPhone.storyboard */,
				1227B74919CA5AA200896C43 /* Main_iPad.storyboard */,
				1227B74C19CA5AA200896C43 /* ViewController.h */,
				1227B74D19CA5AA200896C43 /* ViewController.m */,
				1227B76F19CA5D7100896C43 /* SaveDataViewController.h */,
				1227B77019CA5D7100896C43 /* SaveDataViewController.m */,
				1227B76C19CA5C1500896C43 /* MTodo.h */,
				1227B76D19CA5C1500896C43 /* MTodo.m */,
				1227B74F19CA5AA200896C43 /* Images.xcassets */,
				1227B73B19CA5AA200896C43 /* Supporting Files */,
			);
			path = ToDoList;
			sourceTree = "<group>";
		};
		1227B73B19CA5AA200896C43 /* Supporting Files */ = {
			isa = PBXGroup;
			children = (
				1227B73C19CA5AA200896C43 /* ToDoList-Info.plist */,
				1227B73D19CA5AA200896C43 /* InfoPlist.strings */,
				1227B74019CA5AA200896C43 /* main.m */,
				1227B74219CA5AA200896C43 /* ToDoList-Prefix.pch */,
			);
			name = "Supporting Files";
			sourceTree = "<group>";
		};
		1227B75C19CA5AA200896C43 /* ToDoListTests */ = {
			isa = PBXGroup;
			children = (
				1227B76219CA5AA200896C43 /* ToDoListTests.m */,
				1227B75D19CA5AA200896C43 /* Supporting Files */,
			);
			path = ToDoListTests;
			sourceTree = "<group>";
		};
		1227B75D19CA5AA200896C43 /* Supporting Files */ = {
			isa = PBXGroup;
			children = (
				1227B75E19CA5AA200896C43 /* ToDoListTests-Info.plist */,
				1227B75F19CA5AA200896C43 /* InfoPlist.strings */,
			);
			name = "Supporting Files";
			sourceTree = "<group>";
		};
/* End PBXGroup section */

/* Begin PBXNativeTarget section */
		1227B73019CA5AA200896C43 /* ToDoList */ = {
			isa = PBXNativeTarget;
			buildConfigurationList = 1227B76619CA5AA200896C43 /* Build configuration list for PBXNativeTarget "ToDoList" */;
			buildPhases = (
				1227B72D19CA5AA200896C43 /* Sources */,
				1227B72E19CA5AA200896C43 /* Frameworks */,
				1227B72F19CA5AA200896C43 /* Resources */,
			);
			buildRules = (
			);
			dependencies = (
			);
			name = ToDoList;
			productName = ToDoList;
			productReference = 1227B73119CA5AA200896C43 /* ToDoList.app */;
			productType = "com.apple.product-type.application";
		};
		1227B75419CA5AA200896C43 /* ToDoListTests */ = {
			isa = PBXNativeTarget;
			buildConfigurationList = 1227B76919CA5AA200896C43 /* Build configuration list for PBXNativeTarget "ToDoListTests" */;
			buildPhases = (
				1227B75119CA5AA200896C43 /* Sources */,
				1227B75219CA5AA200896C43 /* Frameworks */,
				1227B75319CA5AA200896C43 /* Resources */,
			);
			buildRules = (
			);
			dependencies = (
				1227B75B19CA5AA200896C43 /* PBXTargetDependency */,
			);
			name = ToDoListTests;
			productName = ToDoListTests;
			productReference = 1227B75519CA5AA200896C43 /* ToDoListTests.xctest */;
			productType = "com.apple.product-type.bundle.unit-test";
		};
/* End PBXNativeTarget section */

/* Begin PBXProject section */
		1227B72919CA5AA200896C43 /* Project object */ = {
			isa = PBXProject;
			attributes = {
				LastUpgradeCheck = 0510;
				ORGANIZATIONNAME = "Terato Tech";
				TargetAttributes = {
					1227B75419CA5AA200896C43 = {
						TestTargetID = 1227B73019CA5AA200896C43;
					};
				};
			};
			buildConfigurationList = 1227B72C19CA5AA200896C43 /* Build configuration list for PBXProject "ToDoList" */;
			compatibilityVersion = "Xcode 3.2";
			developmentRegion = English;
			hasScannedForEncodings = 0;
			knownRegions = (
				en,
				Base,
			);
			mainGroup = 1227B72819CA5AA200896C43;
			productRefGroup = 1227B73219CA5AA200896C43 /* Products */;
			projectDirPath = "";
			projectRoot = "";
			targets = (
				1227B73019CA5AA200896C43 /* ToDoList */,
				1227B75419CA5AA200896C43 /* ToDoListTests */,
			);
		};
/* End PBXProject section */

/* Begin PBXResourcesBuildPhase section */
		1227B72F19CA5AA200896C43 /* Resources */ = {
			isa = PBXResourcesBuildPhase;
			buildActionMask = 2147483647;
			files = (
				1227B74B19CA5AA200896C43 /* Main_iPad.storyboard in Resources */,
				1227B75019CA5AA200896C43 /* Images.xcassets in Resources */,
				1227B74819CA5AA200896C43 /* Main_iPhone.storyboard in Resources */,
				1227B73F19CA5AA200896C43 /* InfoPlist.strings in Resources */,
			);
			runOnlyForDeploymentPostprocessing = 0;
		};
		1227B75319CA5AA200896C43 /* Resources */ = {
			isa = PBXResourcesBuildPhase;
			buildActionMask = 2147483647;
			files = (
				1227B76119CA5AA200896C43 /* InfoPlist.strings in Resources */,
			);
			runOnlyForDeploymentPostprocessing = 0;
		};
/* End PBXResourcesBuildPhase section */

/* Begin PBXSourcesBuildPhase section */
		1227B72D19CA5AA200896C43 /* Sources */ = {
			isa = PBXSourcesBuildPhase;
			buildActionMask = 2147483647;
			files = (
				1227B77119CA5D7100896C43 /* SaveDataViewController.m in Sources */,
				1227B74E19CA5AA200896C43 /* ViewController.m in Sources */,
				1227B76E19CA5C1500896C43 /* MTodo.m in Sources */,
				1227B74519CA5AA200896C43 /* AppDelegate.m in Sources */,
				1227B74119CA5AA200896C43 /* main.m in Sources */,
			);
			runOnlyForDeploymentPostprocessing = 0;
		};
		1227B75119CA5AA200896C43 /* Sources */ = {
			isa = PBXSourcesBuildPhase;
			buildActionMask = 2147483647;
			files = (
				1227B76319CA5AA200896C43 /* ToDoListTests.m in Sources */,
			);
			runOnlyForDeploymentPostprocessing = 0;
		};
/* End PBXSourcesBuildPhase section */

/* Begin PBXTargetDependency section */
		1227B75B19CA5AA200896C43 /* PBXTargetDependency */ = {
			isa = PBXTargetDependency;
			target = 1227B73019CA5AA200896C43 /* ToDoList */;
			targetProxy = 1227B75A19CA5AA200896C43 /* PBXContainerItemProxy */;
		};
/* End PBXTargetDependency section */

/* Begin PBXVariantGroup section */
		1227B73D19CA5AA200896C43 /* InfoPlist.strings */ = {
			isa = PBXVariantGroup;
			children = (
				1227B73E19CA5AA200896C43 /* en */,
			);
			name = InfoPlist.strings;
			sourceTree = "<group>";
		};
		1227B74619CA5AA200896C43 /* Main_iPhone.storyboard */ = {
			isa = PBXVariantGroup;
			children = (
				1227B74719CA5AA200896C43 /* Base */,
			);
			name = Main_iPhone.storyboard;
			sourceTree = "<group>";
		};
		1227B74919CA5AA200896C43 /* Main_iPad.storyboard */ = {
			isa = PBXVariantGroup;
			children = (
				1227B74A19CA5AA200896C43 /* Base */,
			);
			name = Main_iPad.storyboard;
			sourceTree = "<group>";
		};
		1227B75F19CA5AA200896C43 /* InfoPlist.strings */ = {
			isa = PBXVariantGroup;
			children = (
				1227B76019CA5AA200896C43 /* en */,
			);
			name = InfoPlist.strings;
			sourceTree = "<group>";
		};
/* End PBXVariantGroup section */

/* Begin XCBuildConfiguration section */
		1227B76419CA5AA200896C43 /* Debug */ = {
			isa = XCBuildConfiguration;
			buildSettings = {
				ALWAYS_SEARCH_USER_PATHS = NO;
				CLANG_CXX_LANGUAGE_STANDARD = "gnu++0x";
				CLANG_CXX_LIBRARY = "libc++";
				CLANG_ENABLE_MODULES = YES;
				CLANG_ENABLE_OBJC_ARC = YES;
				CLANG_WARN_BOOL_CONVERSION = YES;
				CLANG_WARN_CONSTANT_CONVERSION = YES;
				CLANG_WARN_DIRECT_OBJC_ISA_USAGE = YES_ERROR;
				CLANG_WARN_EMPTY_BODY = YES;
				CLANG_WARN_ENUM_CONVERSION = YES;
				CLANG_WARN_INT_CONVERSION = YES;
				CLANG_WARN_OBJC_ROOT_CLASS = YES_ERROR;
				CLANG_WARN__DUPLICATE_METHOD_MATCH = YES;
				"CODE_SIGN_IDENTITY[sdk=iphoneos*]" = "iPhone Developer";
				COPY_PHASE_STRIP = NO;
				GCC_C_LANGUAGE_STANDARD = gnu99;
				GCC_DYNAMIC_NO_PIC = NO;
				GCC_OPTIMIZATION_LEVEL = 0;
				GCC_PREPROCESSOR_DEFINITIONS = (
					"DEBUG=1",
					"$(inherited)",
				);
				GCC_SYMBOLS_PRIVATE_EXTERN = NO;
				GCC_WARN_64_TO_32_BIT_CONVERSION = YES;
				GCC_WARN_ABOUT_RETURN_TYPE = YES_ERROR;
				GCC_WARN_UNDECLARED_SELECTOR = YES;
				GCC_WARN_UNINITIALIZED_AUTOS = YES_AGGRESSIVE;
				GCC_WARN_UNUSED_FUNCTION = YES;
				GCC_WARN_UNUSED_VARIABLE = YES;
				IPHONEOS_DEPLOYMENT_TARGET = 7.1;
				ONLY_ACTIVE_ARCH = YES;
				SDKROOT = iphoneos;
				TARGETED_DEVICE_FAMILY = "1,2";
			};
			name = Debug;
		};
		1227B76519CA5AA200896C43 /* Release */ = {
			isa = XCBuildConfiguration;
			buildSettings = {
				ALWAYS_SEARCH_USER_PATHS = NO;
				CLANG_CXX_LANGUAGE_STANDARD = "gnu++0x";
				CLANG_CXX_LIBRARY = "libc++";
				CLANG_ENABLE_MODULES = YES;
				CLANG_ENABLE_OBJC_ARC = YES;
				CLANG_WARN_BOOL_CONVERSION = YES;
				CLANG_WARN_CONSTANT_CONVERSION = YES;
				CLANG_WARN_DIRECT_OBJC_ISA_USAGE = YES_ERROR;
				CLANG_WARN_EMPTY_BODY = YES;
				CLANG_WARN_ENUM_CONVERSION = YES;
				CLANG_WARN_INT_CONVERSION = YES;
				CLANG_WARN_OBJC_ROOT_CLASS = YES_ERROR;
				CLANG_WARN__DUPLICATE_METHOD_MATCH = YES;
				"CODE_SIGN_IDENTITY[sdk=iphoneos*]" = "iPhone Developer";
				COPY_PHASE_STRIP = YES;
				ENABLE_NS_ASSERTIONS = NO;
				GCC_C_LANGUAGE_STANDARD = gnu99;
				GCC_WARN_64_TO_32_BIT_CONVERSION = YES;
				GCC_WARN_ABOUT_RETURN_TYPE = YES_ERROR;
				GCC_WARN_UNDECLARED_SELECTOR = YES;
				GCC_WARN_UNINITIALIZED_AUTOS = YES_AGGRESSIVE;
				GCC_WARN_UNUSED_FUNCTION = YES;
				GCC_WARN_UNUSED_VARIABLE = YES;
				IPHONEOS_DEPLOYMENT_TARGET = 7.1;
				SDKROOT = iphoneos;
				TARGETED_DEVICE_FAMILY = "1,2";
				VALIDATE_PRODUCT = YES;
			};
			name = Release;
		};
		1227B76719CA5AA200896C43 /* Debug */ = {
			isa = XCBuildConfiguration;
			buildSettings = {
				ASSETCATALOG_COMPILER_APPICON_NAME = AppIcon;
				ASSETCATALOG_COMPILER_LAUNCHIMAGE_NAME = LaunchImage;
				GCC_PRECOMPILE_PREFIX_HEADER = YES;
				GCC_PREFIX_HEADER = "ToDoList/ToDoList-Prefix.pch";
				INFOPLIST_FILE = "ToDoList/ToDoList-Info.plist";
				PRODUCT_NAME = "$(TARGET_NAME)";
				WRAPPER_EXTENSION = app;
			};
			name = Debug;
		};
		1227B76819CA5AA200896C43 /* Release */ = {
			isa = XCBuildConfiguration;
			buildSettings = {
				ASSETCATALOG_COMPILER_APPICON_NAME = AppIcon;
				ASSETCATALOG_COMPILER_LAUNCHIMAGE_NAME = LaunchImage;
				GCC_PRECOMPILE_PREFIX_HEADER = YES;
				GCC_PREFIX_HEADER = "ToDoList/ToDoList-Prefix.pch";
				INFOPLIST_FILE = "ToDoList/ToDoList-Info.plist";
				PRODUCT_NAME = "$(TARGET_NAME)";
				WRAPPER_EXTENSION = app;
			};
			name = Release;
		};
		1227B76A19CA5AA200896C43 /* Debug */ = {
			isa = XCBuildConfiguration;
			buildSettings = {
				BUNDLE_LOADER = "$(BUILT_PRODUCTS_DIR)/ToDoList.app/ToDoList";
				FRAMEWORK_SEARCH_PATHS = (
					"$(SDKROOT)/Developer/Library/Frameworks",
					"$(inherited)",
					"$(DEVELOPER_FRAMEWORKS_DIR)",
				);
				GCC_PRECOMPILE_PREFIX_HEADER = YES;
				GCC_PREFIX_HEADER = "ToDoList/ToDoList-Prefix.pch";
				GCC_PREPROCESSOR_DEFINITIONS = (
					"DEBUG=1",
					"$(inherited)",
				);
				INFOPLIST_FILE = "ToDoListTests/ToDoListTests-Info.plist";
				PRODUCT_NAME = "$(TARGET_NAME)";
				TEST_HOST = "$(BUNDLE_LOADER)";
				WRAPPER_EXTENSION = xctest;
			};
			name = Debug;
		};
		1227B76B19CA5AA200896C43 /* Release */ = {
			isa = XCBuildConfiguration;
			buildSettings = {
				BUNDLE_LOADER = "$(BUILT_PRODUCTS_DIR)/ToDoList.app/ToDoList";
				FRAMEWORK_SEARCH_PATHS = (
					"$(SDKROOT)/Developer/Library/Frameworks",
					"$(inherited)",
					"$(DEVELOPER_FRAMEWORKS_DIR)",
				);
				GCC_PRECOMPILE_PREFIX_HEADER = YES;
				GCC_PREFIX_HEADER = "ToDoList/ToDoList-Prefix.pch";
				INFOPLIST_FILE = "ToDoListTests/ToDoListTests-Info.plist";
				PRODUCT_NAME = "$(TARGET_NAME)";
				TEST_HOST = "$(BUNDLE_LOADER)";
				WRAPPER_EXTENSION = xctest;
			};
			name = Release;
		};
/* End XCBuildConfiguration section */

/* Begin XCConfigurationList section */
		1227B72C19CA5AA200896C43 /* Build configuration list for PBXProject "ToDoList" */ = {
			isa = XCConfigurationList;
			buildConfigurations = (
				1227B76419CA5AA200896C43 /* Debug */,
				1227B76519CA5AA200896C43 /* Release */,
			);
			defaultConfigurationIsVisible = 0;
			defaultConfigurationName = Release;
		};
		1227B76619CA5AA200896C43 /* Build configuration list for PBXNativeTarget "ToDoList" */ = {
			isa = XCConfigurationList;
			buildConfigurations = (
				1227B76719CA5AA200896C43 /* Debug */,
				1227B76819CA5AA200896C43 /* Release */,
			);
			defaultConfigurationIsVisible = 0;
		};
		1227B76919CA5AA200896C43 /* Build configuration list for PBXNativeTarget "ToDoListTests" */ = {
			isa = XCConfigurationList;
			buildConfigurations = (
				1227B76A19CA5AA200896C43 /* Debug */,
				1227B76B19CA5AA200896C43 /* Release */,
			);
			defaultConfigurationIsVisible = 0;
		};
/* End XCConfigurationList section */
	};
	rootObject = 1227B72919CA5AA200896C43 /* Project object */;
}
